<?xml version="1.0" encoding="utf-8"?>
<Project ToolsVersion="4.0" xmlns="http://schemas.microsoft.com/developer/msbuild/2003">
  <ItemGroup>
    <None Include="pv-fragment-shader.glsl" />
    <None Include="pf-fragment-shader.glsl" />
    <None Include="pf-vertex-shader.glsl" />
    <None Include="bin\media\objects\sphere.sbm" />
    <None Include="grass-vertex.glsl" />
    <None Include="grass-fragment.glsl" />
  </ItemGroup>
  <ItemGroup>
    <Text Include="pv-vertex-shader.glsl" />
    <Text Include="walls-fragment.glsl" />
    <Text Include="walls-vertex.glsl" />
    <Text Include="floor-vertex.glsl" />
    <Text Include="floor-fragment.glsl" />
    <Text Include="toon-vertex.glsl" />
    <Text Include="toon-fragment.glsl" />
  </ItemGroup>
  <ItemGroup>
    <ClCompile Include="lodepng.cpp" />
    <ClCompile Include="Nobject.cpp" />
    <ClCompile Include="src\GettingStarted\maze_render.cpp" />
  </ItemGroup>
  <ItemGroup>
    <ClInclude Include="lodepng.h" />
  </ItemGroup>
</Project>